
Microsoft Visual Studio Solution File, Format Version 12.00
# Visual Studio Version 17
VisualStudioVersion = 17.2.32519.379
MinimumVisualStudioVersion = 10.0.40219.1
Project("{FAE04EC0-301F-11D3-BF4B-00C04F79EFBC}") = "pryRodriguezLP3_12-06.DGIPrint", "pryRodriguezLP3_12-06.DGIPrint.csproj", "{CFC6140C-EBF5-4A3D-A86C-0E55DFF36288}"
EndProject
Global
	GlobalSection(SolutionConfigurationPlatforms) = preSolution
		Debug|Any CPU = Debug|Any CPU
		Release|Any CPU = Release|Any CPU
	EndGlobalSection
	GlobalSection(ProjectConfigurationPlatforms) = postSolution
		{CFC6140C-EBF5-4A3D-A86C-0E55DFF36288}.Debug|Any CPU.ActiveCfg = Debug|Any CPU
		{CFC6140C-EBF5-4A3D-A86C-0E55DFF36288}.Debug|Any CPU.Build.0 = Debug|Any CPU
		{CFC6140C-EBF5-4A3D-A86C-0E55DFF36288}.Release|Any CPU.ActiveCfg = Release|Any CPU
		{CFC6140C-EBF5-4A3D-A86C-0E55DFF36288}.Release|Any CPU.Build.0 = Release|Any CPU
	EndGlobalSection
	GlobalSection(SolutionProperties) = preSolution
		HideSolutionNode = FALSE
	EndGlobalSection
	GlobalSection(ExtensibilityGlobals) = postSolution
		SolutionGuid = {C00EBF30-85C7-493B-B897-E9F4101B760A}
	EndGlobalSection
EndGlobal
