
Microsoft Visual Studio Solution File, Format Version 12.00
# Visual Studio Version 16
VisualStudioVersion = 16.0.32510.428
MinimumVisualStudioVersion = 10.0.40219.1
Project("{FAE04EC0-301F-11D3-BF4B-00C04F79EFBC}") = "IES21", "IES21.csproj", "{97ADFB99-2174-473E-A631-13F5F5B1D940}"
EndProject
Global
	GlobalSection(SolutionConfigurationPlatforms) = preSolution
		Debug|Any CPU = Debug|Any CPU
		Release|Any CPU = Release|Any CPU
	EndGlobalSection
	GlobalSection(ProjectConfigurationPlatforms) = postSolution
		{97ADFB99-2174-473E-A631-13F5F5B1D940}.Debug|Any CPU.ActiveCfg = Debug|Any CPU
		{97ADFB99-2174-473E-A631-13F5F5B1D940}.Debug|Any CPU.Build.0 = Debug|Any CPU
		{97ADFB99-2174-473E-A631-13F5F5B1D940}.Release|Any CPU.ActiveCfg = Release|Any CPU
		{97ADFB99-2174-473E-A631-13F5F5B1D940}.Release|Any CPU.Build.0 = Release|Any CPU
	EndGlobalSection
	GlobalSection(SolutionProperties) = preSolution
		HideSolutionNode = FALSE
	EndGlobalSection
	GlobalSection(ExtensibilityGlobals) = postSolution
		SolutionGuid = {CEDAF31C-AAE6-4A5B-8AB9-B64A71253782}
	EndGlobalSection
EndGlobal
