
Microsoft Visual Studio Solution File, Format Version 12.00
# Visual Studio Version 17
VisualStudioVersion = 17.2.32519.379
MinimumVisualStudioVersion = 10.0.40219.1
Project("{FAE04EC0-301F-11D3-BF4B-00C04F79EFBC}") = "pryRodriguezLP_Clase03-04", "pryRodriguezLP_Clase03-04.csproj", "{20F06D08-D507-4330-A9DD-93307C83799F}"
EndProject
Global
	GlobalSection(SolutionConfigurationPlatforms) = preSolution
		Debug|Any CPU = Debug|Any CPU
		Release|Any CPU = Release|Any CPU
	EndGlobalSection
	GlobalSection(ProjectConfigurationPlatforms) = postSolution
		{20F06D08-D507-4330-A9DD-93307C83799F}.Debug|Any CPU.ActiveCfg = Debug|Any CPU
		{20F06D08-D507-4330-A9DD-93307C83799F}.Debug|Any CPU.Build.0 = Debug|Any CPU
		{20F06D08-D507-4330-A9DD-93307C83799F}.Release|Any CPU.ActiveCfg = Release|Any CPU
		{20F06D08-D507-4330-A9DD-93307C83799F}.Release|Any CPU.Build.0 = Release|Any CPU
	EndGlobalSection
	GlobalSection(SolutionProperties) = preSolution
		HideSolutionNode = FALSE
	EndGlobalSection
	GlobalSection(ExtensibilityGlobals) = postSolution
		SolutionGuid = {E9E13744-CBA1-4BC3-AA9C-CE1646BAE2AD}
	EndGlobalSection
EndGlobal
