
Microsoft Visual Studio Solution File, Format Version 12.00
# Visual Studio Version 17
VisualStudioVersion = 17.2.32519.379
MinimumVisualStudioVersion = 10.0.40219.1
Project("{FAE04EC0-301F-11D3-BF4B-00C04F79EFBC}") = "pryRodriguezLP3_Agricultura", "pryRodriguezLP3_Agricultura.csproj", "{A55915C4-0D5E-44F0-9D11-B28D19D129CE}"
EndProject
Global
	GlobalSection(SolutionConfigurationPlatforms) = preSolution
		Debug|Any CPU = Debug|Any CPU
		Release|Any CPU = Release|Any CPU
	EndGlobalSection
	GlobalSection(ProjectConfigurationPlatforms) = postSolution
		{A55915C4-0D5E-44F0-9D11-B28D19D129CE}.Debug|Any CPU.ActiveCfg = Debug|Any CPU
		{A55915C4-0D5E-44F0-9D11-B28D19D129CE}.Debug|Any CPU.Build.0 = Debug|Any CPU
		{A55915C4-0D5E-44F0-9D11-B28D19D129CE}.Release|Any CPU.ActiveCfg = Release|Any CPU
		{A55915C4-0D5E-44F0-9D11-B28D19D129CE}.Release|Any CPU.Build.0 = Release|Any CPU
	EndGlobalSection
	GlobalSection(SolutionProperties) = preSolution
		HideSolutionNode = FALSE
	EndGlobalSection
	GlobalSection(ExtensibilityGlobals) = postSolution
		SolutionGuid = {4D1057AC-85DD-447D-84E2-4B0D0FC3383F}
	EndGlobalSection
EndGlobal
