
Microsoft Visual Studio Solution File, Format Version 12.00
# Visual Studio Version 17
VisualStudioVersion = 17.3.32804.467
MinimumVisualStudioVersion = 10.0.40219.1
Project("{FAE04EC0-301F-11D3-BF4B-00C04F79EFBC}") = "pryRodriguezTPAgriculturaV1", "pryRodriguezTPAgriculturaV1.csproj", "{5447C497-D1D0-49AC-ABBF-A158EA397C09}"
EndProject
Global
	GlobalSection(SolutionConfigurationPlatforms) = preSolution
		Debug|Any CPU = Debug|Any CPU
		Release|Any CPU = Release|Any CPU
	EndGlobalSection
	GlobalSection(ProjectConfigurationPlatforms) = postSolution
		{5447C497-D1D0-49AC-ABBF-A158EA397C09}.Debug|Any CPU.ActiveCfg = Debug|Any CPU
		{5447C497-D1D0-49AC-ABBF-A158EA397C09}.Debug|Any CPU.Build.0 = Debug|Any CPU
		{5447C497-D1D0-49AC-ABBF-A158EA397C09}.Release|Any CPU.ActiveCfg = Release|Any CPU
		{5447C497-D1D0-49AC-ABBF-A158EA397C09}.Release|Any CPU.Build.0 = Release|Any CPU
	EndGlobalSection
	GlobalSection(SolutionProperties) = preSolution
		HideSolutionNode = FALSE
	EndGlobalSection
	GlobalSection(ExtensibilityGlobals) = postSolution
		SolutionGuid = {C8D72F6F-E7A1-4BF7-A58E-8A26831BAA85}
	EndGlobalSection
EndGlobal
