
Microsoft Visual Studio Solution File, Format Version 12.00
# Visual Studio Version 17
VisualStudioVersion = 17.2.32519.379
MinimumVisualStudioVersion = 10.0.40219.1
Project("{FAE04EC0-301F-11D3-BF4B-00C04F79EFBC}") = "pryRodriguezLP_Clase10-04", "pryRodriguezLP_Clase10-04.csproj", "{983D689F-DC34-4696-BC51-9F68B3CA55A7}"
EndProject
Global
	GlobalSection(SolutionConfigurationPlatforms) = preSolution
		Debug|Any CPU = Debug|Any CPU
		Release|Any CPU = Release|Any CPU
	EndGlobalSection
	GlobalSection(ProjectConfigurationPlatforms) = postSolution
		{983D689F-DC34-4696-BC51-9F68B3CA55A7}.Debug|Any CPU.ActiveCfg = Debug|Any CPU
		{983D689F-DC34-4696-BC51-9F68B3CA55A7}.Debug|Any CPU.Build.0 = Debug|Any CPU
		{983D689F-DC34-4696-BC51-9F68B3CA55A7}.Release|Any CPU.ActiveCfg = Release|Any CPU
		{983D689F-DC34-4696-BC51-9F68B3CA55A7}.Release|Any CPU.Build.0 = Release|Any CPU
	EndGlobalSection
	GlobalSection(SolutionProperties) = preSolution
		HideSolutionNode = FALSE
	EndGlobalSection
	GlobalSection(ExtensibilityGlobals) = postSolution
		SolutionGuid = {18B8BFBB-4BC9-4305-90AE-ACAAF4FF5E70}
	EndGlobalSection
EndGlobal
